// !$*UTF8*$!
{
	archiveVersion = 1;
	classes = {
	};
	objectVersion = 46;
	objects = {

/* Begin PBXBuildFile section */
		2C8BA4631E01E832001504A2 /* AppDelegate.swift in Sources */ = {isa = PBXBuildFile; fileRef = 2C8BA4621E01E832001504A2 /* AppDelegate.swift */; };
		2C8BA4651E01E832001504A2 /* WeatherViewController.swift in Sources */ = {isa = PBXBuildFile; fileRef = 2C8BA4641E01E832001504A2 /* WeatherViewController.swift */; };
		2C8BA4681E01E832001504A2 /* Main.storyboard in Resources */ = {isa = PBXBuildFile; fileRef = 2C8BA4661E01E832001504A2 /* Main.storyboard */; };
		2C8BA46A1E01E832001504A2 /* Assets.xcassets in Resources */ = {isa = PBXBuildFile; fileRef = 2C8BA4691E01E832001504A2 /* Assets.xcassets */; };
		2C8BA46D1E01E832001504A2 /* LaunchScreen.storyboard in Resources */ = {isa = PBXBuildFile; fileRef = 2C8BA46B1E01E832001504A2 /* LaunchScreen.storyboard */; };
		2C8BA4751E01E967001504A2 /* City.swift in Sources */ = {isa = PBXBuildFile; fileRef = 2C8BA4741E01E967001504A2 /* City.swift */; };
		2C8BA4771E01E981001504A2 /* Weather.swift in Sources */ = {isa = PBXBuildFile; fileRef = 2C8BA4761E01E981001504A2 /* Weather.swift */; };
		2C8BA4791E01E9C1001504A2 /* DarkSkyAPIController.swift in Sources */ = {isa = PBXBuildFile; fileRef = 2C8BA4781E01E9C1001504A2 /* DarkSkyAPIController.swift */; };
		2C8BA47B1E022281001504A2 /* WeatherLocationManager.swift in Sources */ = {isa = PBXBuildFile; fileRef = 2C8BA47A1E022281001504A2 /* WeatherLocationManager.swift */; };
/* End PBXBuildFile section */

/* Begin PBXFileReference section */
		2C8BA45F1E01E832001504A2 /* SimplyWeather.app */ = {isa = PBXFileReference; explicitFileType = wrapper.application; includeInIndex = 0; path = SimplyWeather.app; sourceTree = BUILT_PRODUCTS_DIR; };
		2C8BA4621E01E832001504A2 /* AppDelegate.swift */ = {isa = PBXFileReference; lastKnownFileType = sourcecode.swift; path = AppDelegate.swift; sourceTree = "<group>"; };
		2C8BA4641E01E832001504A2 /* WeatherViewController.swift */ = {isa = PBXFileReference; lastKnownFileType = sourcecode.swift; path = WeatherViewController.swift; sourceTree = "<group>"; };
		2C8BA4671E01E832001504A2 /* Base */ = {isa = PBXFileReference; lastKnownFileType = file.storyboard; name = Base; path = Base.lproj/Main.storyboard; sourceTree = "<group>"; };
		2C8BA4691E01E832001504A2 /* Assets.xcassets */ = {isa = PBXFileReference; lastKnownFileType = folder.assetcatalog; path = Assets.xcassets; sourceTree = "<group>"; };
		2C8BA46C1E01E832001504A2 /* Base */ = {isa = PBXFileReference; lastKnownFileType = file.storyboard; name = Base; path = Base.lproj/LaunchScreen.storyboard; sourceTree = "<group>"; };
		2C8BA46E1E01E832001504A2 /* Info.plist */ = {isa = PBXFileReference; lastKnownFileType = text.plist.xml; path = Info.plist; sourceTree = "<group>"; };
		2C8BA4741E01E967001504A2 /* City.swift */ = {isa = PBXFileReference; fileEncoding = 4; lastKnownFileType = sourcecode.swift; path = City.swift; sourceTree = "<group>"; };
		2C8BA4761E01E981001504A2 /* Weather.swift */ = {isa = PBXFileReference; fileEncoding = 4; lastKnownFileType = sourcecode.swift; path = Weather.swift; sourceTree = "<group>"; };
		2C8BA4781E01E9C1001504A2 /* DarkSkyAPIController.swift */ = {isa = PBXFileReference; fileEncoding = 4; lastKnownFileType = sourcecode.swift; path = DarkSkyAPIController.swift; sourceTree = "<group>"; };
		2C8BA47A1E022281001504A2 /* WeatherLocationManager.swift */ = {isa = PBXFileReference; fileEncoding = 4; lastKnownFileType = sourcecode.swift; path = WeatherLocationManager.swift; sourceTree = "<group>"; };
/* End PBXFileReference section */

/* Begin PBXFrameworksBuildPhase section */
		2C8BA45C1E01E832001504A2 /* Frameworks */ = {
			isa = PBXFrameworksBuildPhase;
			buildActionMask = 2147483647;
			files = (
			);
			runOnlyForDeploymentPostprocessing = 0;
		};
/* End PBXFrameworksBuildPhase section */

/* Begin PBXGroup section */
		2C8BA4561E01E832001504A2 = {
			isa = PBXGroup;
			children = (
				2C8BA4611E01E832001504A2 /* SimplyWeather */,
				2C8BA4601E01E832001504A2 /* Products */,
			);
			sourceTree = "<group>";
		};
		2C8BA4601E01E832001504A2 /* Products */ = {
			isa = PBXGroup;
			children = (
				2C8BA45F1E01E832001504A2 /* SimplyWeather.app */,
			);
			name = Products;
			sourceTree = "<group>";
		};
		2C8BA4611E01E832001504A2 /* SimplyWeather */ = {
			isa = PBXGroup;
			children = (
				2C8BA4621E01E832001504A2 /* AppDelegate.swift */,
				2C8BA4781E01E9C1001504A2 /* DarkSkyAPIController.swift */,
				2C8BA4761E01E981001504A2 /* Weather.swift */,
				2C8BA4741E01E967001504A2 /* City.swift */,
				2C8BA47A1E022281001504A2 /* WeatherLocationManager.swift */,
				2C8BA4641E01E832001504A2 /* WeatherViewController.swift */,
				2C8BA4661E01E832001504A2 /* Main.storyboard */,
				2C8BA4691E01E832001504A2 /* Assets.xcassets */,
				2C8BA46B1E01E832001504A2 /* LaunchScreen.storyboard */,
				2C8BA46E1E01E832001504A2 /* Info.plist */,
			);
			path = SimplyWeather;
			sourceTree = "<group>";
		};
/* End PBXGroup section */

/* Begin PBXNativeTarget section */
		2C8BA45E1E01E832001504A2 /* SimplyWeather */ = {
			isa = PBXNativeTarget;
			buildConfigurationList = 2C8BA4711E01E832001504A2 /* Build configuration list for PBXNativeTarget "SimplyWeather" */;
			buildPhases = (
				2C8BA45B1E01E832001504A2 /* Sources */,
				2C8BA45C1E01E832001504A2 /* Frameworks */,
				2C8BA45D1E01E832001504A2 /* Resources */,
			);
			buildRules = (
			);
			dependencies = (
			);
			name = SimplyWeather;
			productName = SimplyWeather;
			productReference = 2C8BA45F1E01E832001504A2 /* SimplyWeather.app */;
			productType = "com.apple.product-type.application";
		};
/* End PBXNativeTarget section */

/* Begin PBXProject section */
		2C8BA4571E01E832001504A2 /* Project object */ = {
			isa = PBXProject;
			attributes = {
				LastSwiftUpdateCheck = 0820;
				LastUpgradeCheck = 0820;
				ORGANIZATIONNAME = "The Iron Yard";
				TargetAttributes = {
					2C8BA45E1E01E832001504A2 = {
						CreatedOnToolsVersion = 8.2;
						DevelopmentTeam = M3JNGBVFD5;
						ProvisioningStyle = Automatic;
					};
				};
			};
			buildConfigurationList = 2C8BA45A1E01E832001504A2 /* Build configuration list for PBXProject "SimplyWeather" */;
			compatibilityVersion = "Xcode 3.2";
			developmentRegion = English;
			hasScannedForEncodings = 0;
			knownRegions = (
				en,
				Base,
			);
			mainGroup = 2C8BA4561E01E832001504A2;
			productRefGroup = 2C8BA4601E01E832001504A2 /* Products */;
			projectDirPath = "";
			projectRoot = "";
			targets = (
				2C8BA45E1E01E832001504A2 /* SimplyWeather */,
			);
		};
/* End PBXProject section */

/* Begin PBXResourcesBuildPhase section */
		2C8BA45D1E01E832001504A2 /* Resources */ = {
			isa = PBXResourcesBuildPhase;
			buildActionMask = 2147483647;
			files = (
				2C8BA46D1E01E832001504A2 /* LaunchScreen.storyboard in Resources */,
				2C8BA46A1E01E832001504A2 /* Assets.xcassets in Resources */,
				2C8BA4681E01E832001504A2 /* Main.storyboard in Resources */,
			);
			runOnlyForDeploymentPostprocessing = 0;
		};
/* End PBXResourcesBuildPhase section */

/* Begin PBXSourcesBuildPhase section */
		2C8BA45B1E01E832001504A2 /* Sources */ = {
			isa = PBXSourcesBuildPhase;
			buildActionMask = 2147483647;
			files = (
				2C8BA4771E01E981001504A2 /* Weather.swift in Sources */,
				2C8BA47B1E022281001504A2 /* WeatherLocationManager.swift in Sources */,
				2C8BA4791E01E9C1001504A2 /* DarkSkyAPIController.swift in Sources */,
				2C8BA4651E01E832001504A2 /* WeatherViewController.swift in Sources */,
				2C8BA4631E01E832001504A2 /* AppDelegate.swift in Sources */,
				2C8BA4751E01E967001504A2 /* City.swift in Sources */,
			);
			runOnlyForDeploymentPostprocessing = 0;
		};
/* End PBXSourcesBuildPhase section */

/* Begin PBXVariantGroup section */
		2C8BA4661E01E832001504A2 /* Main.storyboard */ = {
			isa = PBXVariantGroup;
			children = (
				2C8BA4671E01E832001504A2 /* Base */,
			);
			name = Main.storyboard;
			sourceTree = "<group>";
		};
		2C8BA46B1E01E832001504A2 /* LaunchScreen.storyboard */ = {
			isa = PBXVariantGroup;
			children = (
				2C8BA46C1E01E832001504A2 /* Base */,
			);
			name = LaunchScreen.storyboard;
			sourceTree = "<group>";
		};
/* End PBXVariantGroup section */

/* Begin XCBuildConfiguration section */
		2C8BA46F1E01E832001504A2 /* Debug */ = {
			isa = XCBuildConfiguration;
			buildSettings = {
				ALWAYS_SEARCH_USER_PATHS = NO;
				CLANG_ANALYZER_NONNULL = YES;
				CLANG_CXX_LANGUAGE_STANDARD = "gnu++0x";
				CLANG_CXX_LIBRARY = "libc++";
				CLANG_ENABLE_MODULES = YES;
				CLANG_ENABLE_OBJC_ARC = YES;
				CLANG_WARN_BOOL_CONVERSION = YES;
				CLANG_WARN_CONSTANT_CONVERSION = YES;
				CLANG_WARN_DIRECT_OBJC_ISA_USAGE = YES_ERROR;
				CLANG_WARN_DOCUMENTATION_COMMENTS = YES;
				CLANG_WARN_EMPTY_BODY = YES;
				CLANG_WARN_ENUM_CONVERSION = YES;
				CLANG_WARN_INFINITE_RECURSION = YES;
				CLANG_WARN_INT_CONVERSION = YES;
				CLANG_WARN_OBJC_ROOT_CLASS = YES_ERROR;
				CLANG_WARN_SUSPICIOUS_MOVE = YES;
				CLANG_WARN_UNREACHABLE_CODE = YES;
				CLANG_WARN__DUPLICATE_METHOD_MATCH = YES;
				"CODE_SIGN_IDENTITY[sdk=iphoneos*]" = "iPhone Developer";
				COPY_PHASE_STRIP = NO;
				DEBUG_INFORMATION_FORMAT = dwarf;
				ENABLE_STRICT_OBJC_MSGSEND = YES;
				ENABLE_TESTABILITY = YES;
				GCC_C_LANGUAGE_STANDARD = gnu99;
				GCC_DYNAMIC_NO_PIC = NO;
				GCC_NO_COMMON_BLOCKS = YES;
				GCC_OPTIMIZATION_LEVEL = 0;
				GCC_PREPROCESSOR_DEFINITIONS = (
					"DEBUG=1",
					"$(inherited)",
				);
				GCC_WARN_64_TO_32_BIT_CONVERSION = YES;
				GCC_WARN_ABOUT_RETURN_TYPE = YES_ERROR;
				GCC_WARN_UNDECLARED_SELECTOR = YES;
				GCC_WARN_UNINITIALIZED_AUTOS = YES_AGGRESSIVE;
				GCC_WARN_UNUSED_FUNCTION = YES;
				GCC_WARN_UNUSED_VARIABLE = YES;
				IPHONEOS_DEPLOYMENT_TARGET = 10.2;
				MTL_ENABLE_DEBUG_INFO = YES;
				ONLY_ACTIVE_ARCH = YES;
				SDKROOT = iphoneos;
				SWIFT_ACTIVE_COMPILATION_CONDITIONS = DEBUG;
				SWIFT_OPTIMIZATION_LEVEL = "-Onone";
			};
			name = Debug;
		};
		2C8BA4701E01E832001504A2 /* Release */ = {
			isa = XCBuildConfiguration;
			buildSettings = {
				ALWAYS_SEARCH_USER_PATHS = NO;
				CLANG_ANALYZER_NONNULL = YES;
				CLANG_CXX_LANGUAGE_STANDARD = "gnu++0x";
				CLANG_CXX_LIBRARY = "libc++";
				CLANG_ENABLE_MODULES = YES;
				CLANG_ENABLE_OBJC_ARC = YES;
				CLANG_WARN_BOOL_CONVERSION = YES;
				CLANG_WARN_CONSTANT_CONVERSION = YES;
				CLANG_WARN_DIRECT_OBJC_ISA_USAGE = YES_ERROR;
				CLANG_WARN_DOCUMENTATION_COMMENTS = YES;
				CLANG_WARN_EMPTY_BODY = YES;
				CLANG_WARN_ENUM_CONVERSION = YES;
				CLANG_WARN_INFINITE_RECURSION = YES;
				CLANG_WARN_INT_CONVERSION = YES;
				CLANG_WARN_OBJC_ROOT_CLASS = YES_ERROR;
				CLANG_WARN_SUSPICIOUS_MOVE = YES;
				CLANG_WARN_UNREACHABLE_CODE = YES;
				CLANG_WARN__DUPLICATE_METHOD_MATCH = YES;
				"CODE_SIGN_IDENTITY[sdk=iphoneos*]" = "iPhone Developer";
				COPY_PHASE_STRIP = NO;
				DEBUG_INFORMATION_FORMAT = "dwarf-with-dsym";
				ENABLE_NS_ASSERTIONS = NO;
				ENABLE_STRICT_OBJC_MSGSEND = YES;
				GCC_C_LANGUAGE_STANDARD = gnu99;
				GCC_NO_COMMON_BLOCKS = YES;
				GCC_WARN_64_TO_32_BIT_CONVERSION = YES;
				GCC_WARN_ABOUT_RETURN_TYPE = YES_ERROR;
				GCC_WARN_UNDECLARED_SELECTOR = YES;
				GCC_WARN_UNINITIALIZED_AUTOS = YES_AGGRESSIVE;
				GCC_WARN_UNUSED_FUNCTION = YES;
				GCC_WARN_UNUSED_VARIABLE = YES;
				IPHONEOS_DEPLOYMENT_TARGET = 10.2;
				MTL_ENABLE_DEBUG_INFO = NO;
				SDKROOT = iphoneos;
				SWIFT_OPTIMIZATION_LEVEL = "-Owholemodule";
				VALIDATE_PRODUCT = YES;
			};
			name = Release;
		};
		2C8BA4721E01E832001504A2 /* Debug */ = {
			isa = XCBuildConfiguration;
			buildSettings = {
				ASSETCATALOG_COMPILER_APPICON_NAME = AppIcon;
				DEVELOPMENT_TEAM = M3JNGBVFD5;
				INFOPLIST_FILE = SimplyWeather/Info.plist;
				LD_RUNPATH_SEARCH_PATHS = "$(inherited) @executable_path/Frameworks";
				PRODUCT_BUNDLE_IDENTIFIER = com.tiy.SimplyWeather;
				PRODUCT_NAME = "$(TARGET_NAME)";
				SWIFT_VERSION = 3.0;
				TARGETED_DEVICE_FAMILY = 1;
			};
			name = Debug;
		};
		2C8BA4731E01E832001504A2 /* Release */ = {
			isa = XCBuildConfiguration;
			buildSettings = {
				ASSETCATALOG_COMPILER_APPICON_NAME = AppIcon;
				DEVELOPMENT_TEAM = M3JNGBVFD5;
				INFOPLIST_FILE = SimplyWeather/Info.plist;
				LD_RUNPATH_SEARCH_PATHS = "$(inherited) @executable_path/Frameworks";
				PRODUCT_BUNDLE_IDENTIFIER = com.tiy.SimplyWeather;
				PRODUCT_NAME = "$(TARGET_NAME)";
				SWIFT_VERSION = 3.0;
				TARGETED_DEVICE_FAMILY = 1;
			};
			name = Release;
		};
/* End XCBuildConfiguration section */

/* Begin XCConfigurationList section */
		2C8BA45A1E01E832001504A2 /* Build configuration list for PBXProject "SimplyWeather" */ = {
			isa = XCConfigurationList;
			buildConfigurations = (
				2C8BA46F1E01E832001504A2 /* Debug */,
				2C8BA4701E01E832001504A2 /* Release */,
			);
			defaultConfigurationIsVisible = 0;
			defaultConfigurationName = Release;
		};
		2C8BA4711E01E832001504A2 /* Build configuration list for PBXNativeTarget "SimplyWeather" */ = {
			isa = XCConfigurationList;
			buildConfigurations = (
				2C8BA4721E01E832001504A2 /* Debug */,
				2C8BA4731E01E832001504A2 /* Release */,
			);
			defaultConfigurationIsVisible = 0;
			defaultConfigurationName = Release;
		};
/* End XCConfigurationList section */
	};
	rootObject = 2C8BA4571E01E832001504A2 /* Project object */;
}
